
Microsoft Visual Studio Solution File, Format Version 12.00
# Visual Studio Version 16
VisualStudioVersion = 16.0.30114.105
MinimumVisualStudioVersion = 10.0.40219.1
Project("{9A19103F-16F7-4668-BE54-9A1E7A4F7556}") = "bing-wallpaper", "src\bing-wallpaper.csproj", "{6095464B-2815-4446-8811-8782315EE431}"
EndProject
Project("{9A19103F-16F7-4668-BE54-9A1E7A4F7556}") = "bing-wallpaper.tests", "test\bing-wallpaper.tests.csproj", "{8CC213E8-0841-42BF-8358-95D3BA2F90C0}"
EndProject
Project("{2150E333-8FDC-42A3-9474-1A3956D46DE8}") = "Solution Items", "Solution Items", "{2297FF8F-141D-4002-85AD-78377AF1D66A}"
	ProjectSection(SolutionItems) = preProject
		.editorconfig = .editorconfig
		Directory.Build.props = Directory.Build.props
	EndProjectSection
EndProject
Global
	GlobalSection(SolutionConfigurationPlatforms) = preSolution
		Debug|Any CPU = Debug|Any CPU
		Debug|x64 = Debug|x64
		Debug|x86 = Debug|x86
		Release|Any CPU = Release|Any CPU
		Release|x64 = Release|x64
		Release|x86 = Release|x86
	EndGlobalSection
	GlobalSection(ProjectConfigurationPlatforms) = postSolution
		{6095464B-2815-4446-8811-8782315EE431}.Debug|Any CPU.ActiveCfg = Debug|Any CPU
		{6095464B-2815-4446-8811-8782315EE431}.Debug|Any CPU.Build.0 = Debug|Any CPU
		{6095464B-2815-4446-8811-8782315EE431}.Debug|x64.ActiveCfg = Debug|Any CPU
		{6095464B-2815-4446-8811-8782315EE431}.Debug|x64.Build.0 = Debug|Any CPU
		{6095464B-2815-4446-8811-8782315EE431}.Debug|x86.ActiveCfg = Debug|Any CPU
		{6095464B-2815-4446-8811-8782315EE431}.Debug|x86.Build.0 = Debug|Any CPU
		{6095464B-2815-4446-8811-8782315EE431}.Release|Any CPU.ActiveCfg = Release|Any CPU
		{6095464B-2815-4446-8811-8782315EE431}.Release|Any CPU.Build.0 = Release|Any CPU
		{6095464B-2815-4446-8811-8782315EE431}.Release|x64.ActiveCfg = Release|Any CPU
		{6095464B-2815-4446-8811-8782315EE431}.Release|x64.Build.0 = Release|Any CPU
		{6095464B-2815-4446-8811-8782315EE431}.Release|x86.ActiveCfg = Release|Any CPU
		{6095464B-2815-4446-8811-8782315EE431}.Release|x86.Build.0 = Release|Any CPU
		{8CC213E8-0841-42BF-8358-95D3BA2F90C0}.Debug|Any CPU.ActiveCfg = Debug|Any CPU
		{8CC213E8-0841-42BF-8358-95D3BA2F90C0}.Debug|Any CPU.Build.0 = Debug|Any CPU
		{8CC213E8-0841-42BF-8358-95D3BA2F90C0}.Debug|x64.ActiveCfg = Debug|Any CPU
		{8CC213E8-0841-42BF-8358-95D3BA2F90C0}.Debug|x64.Build.0 = Debug|Any CPU
		{8CC213E8-0841-42BF-8358-95D3BA2F90C0}.Debug|x86.ActiveCfg = Debug|Any CPU
		{8CC213E8-0841-42BF-8358-95D3BA2F90C0}.Debug|x86.Build.0 = Debug|Any CPU
		{8CC213E8-0841-42BF-8358-95D3BA2F90C0}.Release|Any CPU.ActiveCfg = Release|Any CPU
		{8CC213E8-0841-42BF-8358-95D3BA2F90C0}.Release|Any CPU.Build.0 = Release|Any CPU
		{8CC213E8-0841-42BF-8358-95D3BA2F90C0}.Release|x64.ActiveCfg = Release|Any CPU
		{8CC213E8-0841-42BF-8358-95D3BA2F90C0}.Release|x64.Build.0 = Release|Any CPU
		{8CC213E8-0841-42BF-8358-95D3BA2F90C0}.Release|x86.ActiveCfg = Release|Any CPU
		{8CC213E8-0841-42BF-8358-95D3BA2F90C0}.Release|x86.Build.0 = Release|Any CPU
	EndGlobalSection
	GlobalSection(SolutionProperties) = preSolution
		HideSolutionNode = FALSE
	EndGlobalSection
	GlobalSection(ExtensibilityGlobals) = postSolution
		SolutionGuid = {92E12A3C-6D30-4E5D-BA87-F9E1AEA63C08}
	EndGlobalSection
EndGlobal
